
Microsoft Visual Studio Solution File, Format Version 12.00
# Visual Studio 15
VisualStudioVersion = 15.0.27004.2005
MinimumVisualStudioVersion = 10.0.40219.1
Project("{FAE04EC0-301F-11D3-BF4B-00C04F79EFBC}") = "Specflow Test Project", "Specflow Test Project\Specflow Test Project.csproj", "{268E9F97-14D3-4BF1-BB81-88F7A316DCF4}"
EndProject
Global
	GlobalSection(SolutionConfigurationPlatforms) = preSolution
		Debug|Any CPU = Debug|Any CPU
		Release|Any CPU = Release|Any CPU
	EndGlobalSection
	GlobalSection(ProjectConfigurationPlatforms) = postSolution
		{268E9F97-14D3-4BF1-BB81-88F7A316DCF4}.Debug|Any CPU.ActiveCfg = Debug|Any CPU
		{268E9F97-14D3-4BF1-BB81-88F7A316DCF4}.Debug|Any CPU.Build.0 = Debug|Any CPU
		{268E9F97-14D3-4BF1-BB81-88F7A316DCF4}.Release|Any CPU.ActiveCfg = Release|Any CPU
		{268E9F97-14D3-4BF1-BB81-88F7A316DCF4}.Release|Any CPU.Build.0 = Release|Any CPU
	EndGlobalSection
	GlobalSection(SolutionProperties) = preSolution
		HideSolutionNode = FALSE
	EndGlobalSection
	GlobalSection(ExtensibilityGlobals) = postSolution
		SolutionGuid = {05CE12B2-4404-4849-9679-779FEE5278AB}
	EndGlobalSection
EndGlobal
